
Microsoft Visual Studio Solution File, Format Version 12.00
# Visual Studio Version 17
VisualStudioVersion = 17.9.34701.34
MinimumVisualStudioVersion = 10.0.40219.1
Project("{FAE04EC0-301F-11D3-BF4B-00C04F79EFBC}") = "ReoTechBlazorWeb", "ReoTechBlazorWeb\ReoTechBlazorWeb.csproj", "{F084F8EA-29B0-4055-BDCD-43CABA5A6A85}"
EndProject
Project("{FAE04EC0-301F-11D3-BF4B-00C04F79EFBC}") = "ReoTechBlazorWeb.Client", "ReoTechBlazorWeb.Client\ReoTechBlazorWeb.Client.csproj", "{D8404E60-17EC-4BDD-9044-96D12C54C836}"
EndProject
Global
	GlobalSection(SolutionConfigurationPlatforms) = preSolution
		Debug|Any CPU = Debug|Any CPU
		Release|Any CPU = Release|Any CPU
	EndGlobalSection
	GlobalSection(ProjectConfigurationPlatforms) = postSolution
		{F084F8EA-29B0-4055-BDCD-43CABA5A6A85}.Debug|Any CPU.ActiveCfg = Debug|Any CPU
		{F084F8EA-29B0-4055-BDCD-43CABA5A6A85}.Debug|Any CPU.Build.0 = Debug|Any CPU
		{F084F8EA-29B0-4055-BDCD-43CABA5A6A85}.Release|Any CPU.ActiveCfg = Release|Any CPU
		{F084F8EA-29B0-4055-BDCD-43CABA5A6A85}.Release|Any CPU.Build.0 = Release|Any CPU
		{D8404E60-17EC-4BDD-9044-96D12C54C836}.Debug|Any CPU.ActiveCfg = Debug|Any CPU
		{D8404E60-17EC-4BDD-9044-96D12C54C836}.Debug|Any CPU.Build.0 = Debug|Any CPU
		{D8404E60-17EC-4BDD-9044-96D12C54C836}.Release|Any CPU.ActiveCfg = Release|Any CPU
		{D8404E60-17EC-4BDD-9044-96D12C54C836}.Release|Any CPU.Build.0 = Release|Any CPU
	EndGlobalSection
	GlobalSection(SolutionProperties) = preSolution
		HideSolutionNode = FALSE
	EndGlobalSection
	GlobalSection(ExtensibilityGlobals) = postSolution
		SolutionGuid = {8BF2DC16-7C2E-4434-95AF-D95F90881E2D}
	EndGlobalSection
EndGlobal
